
Microsoft Visual Studio Solution File, Format Version 12.00
# Visual Studio Version 16
VisualStudioVersion = 16.0.31624.102
MinimumVisualStudioVersion = 10.0.40219.1
Project("{FAE04EC0-301F-11D3-BF4B-00C04F79EFBC}") = "Hello World 2.0", "Hello World 2.0.csproj", "{745E1749-CF0D-45B8-A220-CD2D0BFF04BE}"
EndProject
Global
	GlobalSection(SolutionConfigurationPlatforms) = preSolution
		Debug|Any CPU = Debug|Any CPU
		Release|Any CPU = Release|Any CPU
	EndGlobalSection
	GlobalSection(ProjectConfigurationPlatforms) = postSolution
		{745E1749-CF0D-45B8-A220-CD2D0BFF04BE}.Debug|Any CPU.ActiveCfg = Debug|Any CPU
		{745E1749-CF0D-45B8-A220-CD2D0BFF04BE}.Debug|Any CPU.Build.0 = Debug|Any CPU
		{745E1749-CF0D-45B8-A220-CD2D0BFF04BE}.Release|Any CPU.ActiveCfg = Release|Any CPU
		{745E1749-CF0D-45B8-A220-CD2D0BFF04BE}.Release|Any CPU.Build.0 = Release|Any CPU
	EndGlobalSection
	GlobalSection(SolutionProperties) = preSolution
		HideSolutionNode = FALSE
	EndGlobalSection
	GlobalSection(ExtensibilityGlobals) = postSolution
		SolutionGuid = {B63D3F20-B3DA-4086-90F5-E59F74A59056}
	EndGlobalSection
EndGlobal
