
Microsoft Visual Studio Solution File, Format Version 12.00
# Visual Studio Version 16
VisualStudioVersion = 16.0.31624.102
MinimumVisualStudioVersion = 10.0.40219.1
Project("{FAE04EC0-301F-11D3-BF4B-00C04F79EFBC}") = "Contacts databace", "Contacts databace\Contacts databace.csproj", "{F6548A59-6971-4E12-8FD4-500AF9BB4E87}"
EndProject
Global
	GlobalSection(SolutionConfigurationPlatforms) = preSolution
		Debug|Any CPU = Debug|Any CPU
		Release|Any CPU = Release|Any CPU
	EndGlobalSection
	GlobalSection(ProjectConfigurationPlatforms) = postSolution
		{F6548A59-6971-4E12-8FD4-500AF9BB4E87}.Debug|Any CPU.ActiveCfg = Debug|Any CPU
		{F6548A59-6971-4E12-8FD4-500AF9BB4E87}.Debug|Any CPU.Build.0 = Debug|Any CPU
		{F6548A59-6971-4E12-8FD4-500AF9BB4E87}.Release|Any CPU.ActiveCfg = Release|Any CPU
		{F6548A59-6971-4E12-8FD4-500AF9BB4E87}.Release|Any CPU.Build.0 = Release|Any CPU
	EndGlobalSection
	GlobalSection(SolutionProperties) = preSolution
		HideSolutionNode = FALSE
	EndGlobalSection
	GlobalSection(ExtensibilityGlobals) = postSolution
		SolutionGuid = {1172FA65-8FDA-4932-990C-7ABAB147A946}
	EndGlobalSection
EndGlobal
